
Microsoft Visual Studio Solution File, Format Version 12.00
# Visual Studio Version 16
VisualStudioVersion = 16.0.31911.196
MinimumVisualStudioVersion = 10.0.40219.1
Project("{FAE04EC0-301F-11D3-BF4B-00C04F79EFBC}") = "sinema", "sinema\sinema.csproj", "{0F933CE8-3C9D-4BC3-A9B7-B9BD4749A76B}"
EndProject
Global
	GlobalSection(SolutionConfigurationPlatforms) = preSolution
		Debug|Any CPU = Debug|Any CPU
		Release|Any CPU = Release|Any CPU
	EndGlobalSection
	GlobalSection(ProjectConfigurationPlatforms) = postSolution
		{0F933CE8-3C9D-4BC3-A9B7-B9BD4749A76B}.Debug|Any CPU.ActiveCfg = Debug|Any CPU
		{0F933CE8-3C9D-4BC3-A9B7-B9BD4749A76B}.Debug|Any CPU.Build.0 = Debug|Any CPU
		{0F933CE8-3C9D-4BC3-A9B7-B9BD4749A76B}.Release|Any CPU.ActiveCfg = Release|Any CPU
		{0F933CE8-3C9D-4BC3-A9B7-B9BD4749A76B}.Release|Any CPU.Build.0 = Release|Any CPU
	EndGlobalSection
	GlobalSection(SolutionProperties) = preSolution
		HideSolutionNode = FALSE
	EndGlobalSection
	GlobalSection(ExtensibilityGlobals) = postSolution
		SolutionGuid = {EED00F49-5FEF-4691-8655-9A3A440788B1}
	EndGlobalSection
EndGlobal
